// !$*UTF8*$!
{
	archiveVersion = 1;
	classes = {
	};
	objectVersion = 51;
	objects = {

/* Begin PBXBuildFile section */
		3899F3B62309CA470051BA08 /* AppDelegate.swift in Sources */ = {isa = PBXBuildFile; fileRef = 3899F3B52309CA470051BA08 /* AppDelegate.swift */; };
		3899F3B82309CA470051BA08 /* MainViewController.swift in Sources */ = {isa = PBXBuildFile; fileRef = 3899F3B72309CA470051BA08 /* MainViewController.swift */; };
		3899F3BB2309CA470051BA08 /* Main.storyboard in Resources */ = {isa = PBXBuildFile; fileRef = 3899F3B92309CA470051BA08 /* Main.storyboard */; };
		3899F3BE2309CA470051BA08 /* Yalantis_School.xcdatamodeld in Sources */ = {isa = PBXBuildFile; fileRef = 3899F3BC2309CA470051BA08 /* Yalantis_School.xcdatamodeld */; };
		3899F3C02309CA480051BA08 /* Assets.xcassets in Resources */ = {isa = PBXBuildFile; fileRef = 3899F3BF2309CA480051BA08 /* Assets.xcassets */; };
		3899F3C32309CA480051BA08 /* LaunchScreen.storyboard in Resources */ = {isa = PBXBuildFile; fileRef = 3899F3C12309CA480051BA08 /* LaunchScreen.storyboard */; };
		3899F3CB2309CA5C0051BA08 /* PersistenceService.swift in Sources */ = {isa = PBXBuildFile; fileRef = 3899F3CA2309CA5C0051BA08 /* PersistenceService.swift */; };
		3899F3CE2309CAD10051BA08 /* AlertController.swift in Sources */ = {isa = PBXBuildFile; fileRef = 3899F3CD2309CAD10051BA08 /* AlertController.swift */; };
		3899F3D02309CADA0051BA08 /* HideKeyboard.swift in Sources */ = {isa = PBXBuildFile; fileRef = 3899F3CF2309CADA0051BA08 /* HideKeyboard.swift */; };
		3899F3D32309CB090051BA08 /* RequestController.swift in Sources */ = {isa = PBXBuildFile; fileRef = 3899F3D22309CB090051BA08 /* RequestController.swift */; };
		3899F3D62309CB7E0051BA08 /* SettingsViewController.swift in Sources */ = {isa = PBXBuildFile; fileRef = 3899F3D52309CB7E0051BA08 /* SettingsViewController.swift */; };
		3899F3D82309CB8C0051BA08 /* BackgroundViewController.swift in Sources */ = {isa = PBXBuildFile; fileRef = 3899F3D72309CB8C0051BA08 /* BackgroundViewController.swift */; };
		3899F3DB2309CBFE0051BA08 /* AnswerFromBall+CoreDataClass.swift in Sources */ = {isa = PBXBuildFile; fileRef = 3899F3D92309CBFE0051BA08 /* AnswerFromBall+CoreDataClass.swift */; };
		3899F3DC2309CBFE0051BA08 /* AnswerFromBall+CoreDataProperties.swift in Sources */ = {isa = PBXBuildFile; fileRef = 3899F3DA2309CBFE0051BA08 /* AnswerFromBall+CoreDataProperties.swift */; };
		3899F3E12309CC330051BA08 /* AnswerModel.swift in Sources */ = {isa = PBXBuildFile; fileRef = 3899F3E02309CC330051BA08 /* AnswerModel.swift */; };
		4E6475C6347D54AEEC85419C /* Pods_Yalantis_School.framework in Frameworks */ = {isa = PBXBuildFile; fileRef = F31ACDF95D6B7F138458C945 /* Pods_Yalantis_School.framework */; };
/* End PBXBuildFile section */

/* Begin PBXFileReference section */
		3899F3B22309CA470051BA08 /* Yalantis_School.app */ = {isa = PBXFileReference; explicitFileType = wrapper.application; includeInIndex = 0; path = Yalantis_School.app; sourceTree = BUILT_PRODUCTS_DIR; };
		3899F3B52309CA470051BA08 /* AppDelegate.swift */ = {isa = PBXFileReference; lastKnownFileType = sourcecode.swift; path = AppDelegate.swift; sourceTree = "<group>"; };
		3899F3B72309CA470051BA08 /* MainViewController.swift */ = {isa = PBXFileReference; lastKnownFileType = sourcecode.swift; path = MainViewController.swift; sourceTree = "<group>"; };
		3899F3BA2309CA470051BA08 /* Base */ = {isa = PBXFileReference; lastKnownFileType = file.storyboard; name = Base; path = Base.lproj/Main.storyboard; sourceTree = "<group>"; };
		3899F3BD2309CA470051BA08 /* Yalantis_School.xcdatamodel */ = {isa = PBXFileReference; lastKnownFileType = wrapper.xcdatamodel; path = Yalantis_School.xcdatamodel; sourceTree = "<group>"; };
		3899F3BF2309CA480051BA08 /* Assets.xcassets */ = {isa = PBXFileReference; lastKnownFileType = folder.assetcatalog; path = Assets.xcassets; sourceTree = "<group>"; };
		3899F3C22309CA480051BA08 /* Base */ = {isa = PBXFileReference; lastKnownFileType = file.storyboard; name = Base; path = Base.lproj/LaunchScreen.storyboard; sourceTree = "<group>"; };
		3899F3C42309CA480051BA08 /* Info.plist */ = {isa = PBXFileReference; lastKnownFileType = text.plist.xml; path = Info.plist; sourceTree = "<group>"; };
		3899F3CA2309CA5C0051BA08 /* PersistenceService.swift */ = {isa = PBXFileReference; lastKnownFileType = sourcecode.swift; path = PersistenceService.swift; sourceTree = "<group>"; };
		3899F3CD2309CAD10051BA08 /* AlertController.swift */ = {isa = PBXFileReference; lastKnownFileType = sourcecode.swift; path = AlertController.swift; sourceTree = "<group>"; };
		3899F3CF2309CADA0051BA08 /* HideKeyboard.swift */ = {isa = PBXFileReference; lastKnownFileType = sourcecode.swift; path = HideKeyboard.swift; sourceTree = "<group>"; };
		3899F3D22309CB090051BA08 /* RequestController.swift */ = {isa = PBXFileReference; lastKnownFileType = sourcecode.swift; path = RequestController.swift; sourceTree = "<group>"; };
		3899F3D52309CB7E0051BA08 /* SettingsViewController.swift */ = {isa = PBXFileReference; lastKnownFileType = sourcecode.swift; path = SettingsViewController.swift; sourceTree = "<group>"; };
		3899F3D72309CB8C0051BA08 /* BackgroundViewController.swift */ = {isa = PBXFileReference; lastKnownFileType = sourcecode.swift; path = BackgroundViewController.swift; sourceTree = "<group>"; };
		3899F3D92309CBFE0051BA08 /* AnswerFromBall+CoreDataClass.swift */ = {isa = PBXFileReference; lastKnownFileType = sourcecode.swift; path = "AnswerFromBall+CoreDataClass.swift"; sourceTree = "<group>"; };
		3899F3DA2309CBFE0051BA08 /* AnswerFromBall+CoreDataProperties.swift */ = {isa = PBXFileReference; lastKnownFileType = sourcecode.swift; path = "AnswerFromBall+CoreDataProperties.swift"; sourceTree = "<group>"; };
		3899F3E02309CC330051BA08 /* AnswerModel.swift */ = {isa = PBXFileReference; lastKnownFileType = sourcecode.swift; path = AnswerModel.swift; sourceTree = "<group>"; };
		40192F84C7EE2F7D347547E3 /* Pods-Yalantis_School.debug.xcconfig */ = {isa = PBXFileReference; includeInIndex = 1; lastKnownFileType = text.xcconfig; name = "Pods-Yalantis_School.debug.xcconfig"; path = "Target Support Files/Pods-Yalantis_School/Pods-Yalantis_School.debug.xcconfig"; sourceTree = "<group>"; };
		69F2C43E4E674FD55A3CA1CD /* Pods-Yalantis_School.release.xcconfig */ = {isa = PBXFileReference; includeInIndex = 1; lastKnownFileType = text.xcconfig; name = "Pods-Yalantis_School.release.xcconfig"; path = "Target Support Files/Pods-Yalantis_School/Pods-Yalantis_School.release.xcconfig"; sourceTree = "<group>"; };
		F31ACDF95D6B7F138458C945 /* Pods_Yalantis_School.framework */ = {isa = PBXFileReference; explicitFileType = wrapper.framework; includeInIndex = 0; path = Pods_Yalantis_School.framework; sourceTree = BUILT_PRODUCTS_DIR; };
/* End PBXFileReference section */

/* Begin PBXFrameworksBuildPhase section */
		3899F3AF2309CA470051BA08 /* Frameworks */ = {
			isa = PBXFrameworksBuildPhase;
			buildActionMask = 2147483647;
			files = (
				4E6475C6347D54AEEC85419C /* Pods_Yalantis_School.framework in Frameworks */,
			);
			runOnlyForDeploymentPostprocessing = 0;
		};
/* End PBXFrameworksBuildPhase section */

/* Begin PBXGroup section */
		3899F3A92309CA470051BA08 = {
			isa = PBXGroup;
			children = (
				3899F3B42309CA470051BA08 /* Yalantis_School */,
				3899F3B32309CA470051BA08 /* Products */,
				EFC8812C0E269734CA7FC29A /* Pods */,
				EFE42AE35A87DE47ED4A66E2 /* Frameworks */,
			);
			sourceTree = "<group>";
		};
		3899F3B32309CA470051BA08 /* Products */ = {
			isa = PBXGroup;
			children = (
				3899F3B22309CA470051BA08 /* Yalantis_School.app */,
			);
			name = Products;
			sourceTree = "<group>";
		};
		3899F3B42309CA470051BA08 /* Yalantis_School */ = {
			isa = PBXGroup;
			children = (
				3899F3B52309CA470051BA08 /* AppDelegate.swift */,
				3899F3E22309D30D0051BA08 /* PersistenceService */,
				3899F3D12309CAF90051BA08 /* RequestController */,
				3899F3CC2309CA950051BA08 /* Extensions */,
				3899F3D42309CB680051BA08 /* Views */,
				3899F3DD2309CC060051BA08 /* CoreData */,
				3899F3DF2309CC250051BA08 /* Model */,
				3899F3B92309CA470051BA08 /* Main.storyboard */,
				3899F3BF2309CA480051BA08 /* Assets.xcassets */,
				3899F3C12309CA480051BA08 /* LaunchScreen.storyboard */,
				3899F3C42309CA480051BA08 /* Info.plist */,
				3899F3BC2309CA470051BA08 /* Yalantis_School.xcdatamodeld */,
			);
			path = Yalantis_School;
			sourceTree = "<group>";
		};
		3899F3CC2309CA950051BA08 /* Extensions */ = {
			isa = PBXGroup;
			children = (
				3899F3CD2309CAD10051BA08 /* AlertController.swift */,
				3899F3CF2309CADA0051BA08 /* HideKeyboard.swift */,
			);
			path = Extensions;
			sourceTree = "<group>";
		};
		3899F3D12309CAF90051BA08 /* RequestController */ = {
			isa = PBXGroup;
			children = (
				3899F3D22309CB090051BA08 /* RequestController.swift */,
			);
			path = RequestController;
			sourceTree = "<group>";
		};
		3899F3D42309CB680051BA08 /* Views */ = {
			isa = PBXGroup;
			children = (
				3899F3B72309CA470051BA08 /* MainViewController.swift */,
				3899F3D52309CB7E0051BA08 /* SettingsViewController.swift */,
				3899F3D72309CB8C0051BA08 /* BackgroundViewController.swift */,
			);
			path = Views;
			sourceTree = "<group>";
		};
		3899F3DD2309CC060051BA08 /* CoreData */ = {
			isa = PBXGroup;
			children = (
				3899F3D92309CBFE0051BA08 /* AnswerFromBall+CoreDataClass.swift */,
				3899F3DA2309CBFE0051BA08 /* AnswerFromBall+CoreDataProperties.swift */,
			);
			path = CoreData;
			sourceTree = "<group>";
		};
		3899F3DF2309CC250051BA08 /* Model */ = {
			isa = PBXGroup;
			children = (
				3899F3E02309CC330051BA08 /* AnswerModel.swift */,
			);
			path = Model;
			sourceTree = "<group>";
		};
		3899F3E22309D30D0051BA08 /* PersistenceService */ = {
			isa = PBXGroup;
			children = (
				3899F3CA2309CA5C0051BA08 /* PersistenceService.swift */,
			);
			path = PersistenceService;
			sourceTree = "<group>";
		};
		EFC8812C0E269734CA7FC29A /* Pods */ = {
			isa = PBXGroup;
			children = (
				40192F84C7EE2F7D347547E3 /* Pods-Yalantis_School.debug.xcconfig */,
				69F2C43E4E674FD55A3CA1CD /* Pods-Yalantis_School.release.xcconfig */,
			);
			path = Pods;
			sourceTree = "<group>";
		};
		EFE42AE35A87DE47ED4A66E2 /* Frameworks */ = {
			isa = PBXGroup;
			children = (
				F31ACDF95D6B7F138458C945 /* Pods_Yalantis_School.framework */,
			);
			name = Frameworks;
			sourceTree = "<group>";
		};
/* End PBXGroup section */

/* Begin PBXNativeTarget section */
		3899F3B12309CA470051BA08 /* Yalantis_School */ = {
			isa = PBXNativeTarget;
			buildConfigurationList = 3899F3C72309CA480051BA08 /* Build configuration list for PBXNativeTarget "Yalantis_School" */;
			buildPhases = (
				A7EA4758FFC61B2229F588F4 /* [CP] Check Pods Manifest.lock */,
				3899F3AE2309CA470051BA08 /* Sources */,
				3899F3AF2309CA470051BA08 /* Frameworks */,
				3899F3B02309CA470051BA08 /* Resources */,
				5DBA198D423076DF64A6D81D /* [CP] Embed Pods Frameworks */,
			);
			buildRules = (
			);
			dependencies = (
			);
			name = Yalantis_School;
			productName = Yalantis_School;
			productReference = 3899F3B22309CA470051BA08 /* Yalantis_School.app */;
			productType = "com.apple.product-type.application";
		};
/* End PBXNativeTarget section */

/* Begin PBXProject section */
		3899F3AA2309CA470051BA08 /* Project object */ = {
			isa = PBXProject;
			attributes = {
				LastSwiftUpdateCheck = 1030;
				LastUpgradeCheck = 1030;
				ORGANIZATIONNAME = Valerii;
				TargetAttributes = {
					3899F3B12309CA470051BA08 = {
						CreatedOnToolsVersion = 10.3;
					};
				};
			};
			buildConfigurationList = 3899F3AD2309CA470051BA08 /* Build configuration list for PBXProject "Yalantis_School" */;
			compatibilityVersion = "Xcode 9.3";
			developmentRegion = en;
			hasScannedForEncodings = 0;
			knownRegions = (
				en,
				Base,
			);
			mainGroup = 3899F3A92309CA470051BA08;
			productRefGroup = 3899F3B32309CA470051BA08 /* Products */;
			projectDirPath = "";
			projectRoot = "";
			targets = (
				3899F3B12309CA470051BA08 /* Yalantis_School */,
			);
		};
/* End PBXProject section */

/* Begin PBXResourcesBuildPhase section */
		3899F3B02309CA470051BA08 /* Resources */ = {
			isa = PBXResourcesBuildPhase;
			buildActionMask = 2147483647;
			files = (
				3899F3C32309CA480051BA08 /* LaunchScreen.storyboard in Resources */,
				3899F3C02309CA480051BA08 /* Assets.xcassets in Resources */,
				3899F3BB2309CA470051BA08 /* Main.storyboard in Resources */,
			);
			runOnlyForDeploymentPostprocessing = 0;
		};
/* End PBXResourcesBuildPhase section */

/* Begin PBXShellScriptBuildPhase section */
		5DBA198D423076DF64A6D81D /* [CP] Embed Pods Frameworks */ = {
			isa = PBXShellScriptBuildPhase;
			buildActionMask = 2147483647;
			files = (
			);
			inputFileListPaths = (
				"${PODS_ROOT}/Target Support Files/Pods-Yalantis_School/Pods-Yalantis_School-frameworks-${CONFIGURATION}-input-files.xcfilelist",
			);
			name = "[CP] Embed Pods Frameworks";
			outputFileListPaths = (
				"${PODS_ROOT}/Target Support Files/Pods-Yalantis_School/Pods-Yalantis_School-frameworks-${CONFIGURATION}-output-files.xcfilelist",
			);
			runOnlyForDeploymentPostprocessing = 0;
			shellPath = /bin/sh;
			shellScript = "\"${PODS_ROOT}/Target Support Files/Pods-Yalantis_School/Pods-Yalantis_School-frameworks.sh\"\n";
			showEnvVarsInLog = 0;
		};
		A7EA4758FFC61B2229F588F4 /* [CP] Check Pods Manifest.lock */ = {
			isa = PBXShellScriptBuildPhase;
			buildActionMask = 2147483647;
			files = (
			);
			inputFileListPaths = (
			);
			inputPaths = (
				"${PODS_PODFILE_DIR_PATH}/Podfile.lock",
				"${PODS_ROOT}/Manifest.lock",
			);
			name = "[CP] Check Pods Manifest.lock";
			outputFileListPaths = (
			);
			outputPaths = (
				"$(DERIVED_FILE_DIR)/Pods-Yalantis_School-checkManifestLockResult.txt",
			);
			runOnlyForDeploymentPostprocessing = 0;
			shellPath = /bin/sh;
			shellScript = "diff \"${PODS_PODFILE_DIR_PATH}/Podfile.lock\" \"${PODS_ROOT}/Manifest.lock\" > /dev/null\nif [ $? != 0 ] ; then\n    # print error to STDERR\n    echo \"error: The sandbox is not in sync with the Podfile.lock. Run 'pod install' or update your CocoaPods installation.\" >&2\n    exit 1\nfi\n# This output is used by Xcode 'outputs' to avoid re-running this script phase.\necho \"SUCCESS\" > \"${SCRIPT_OUTPUT_FILE_0}\"\n";
			showEnvVarsInLog = 0;
		};
/* End PBXShellScriptBuildPhase section */

/* Begin PBXSourcesBuildPhase section */
		3899F3AE2309CA470051BA08 /* Sources */ = {
			isa = PBXSourcesBuildPhase;
			buildActionMask = 2147483647;
			files = (
				3899F3B82309CA470051BA08 /* MainViewController.swift in Sources */,
				3899F3CE2309CAD10051BA08 /* AlertController.swift in Sources */,
				3899F3CB2309CA5C0051BA08 /* PersistenceService.swift in Sources */,
				3899F3BE2309CA470051BA08 /* Yalantis_School.xcdatamodeld in Sources */,
				3899F3D32309CB090051BA08 /* RequestController.swift in Sources */,
				3899F3DC2309CBFE0051BA08 /* AnswerFromBall+CoreDataProperties.swift in Sources */,
				3899F3D02309CADA0051BA08 /* HideKeyboard.swift in Sources */,
				3899F3D82309CB8C0051BA08 /* BackgroundViewController.swift in Sources */,
				3899F3B62309CA470051BA08 /* AppDelegate.swift in Sources */,
				3899F3E12309CC330051BA08 /* AnswerModel.swift in Sources */,
				3899F3DB2309CBFE0051BA08 /* AnswerFromBall+CoreDataClass.swift in Sources */,
				3899F3D62309CB7E0051BA08 /* SettingsViewController.swift in Sources */,
			);
			runOnlyForDeploymentPostprocessing = 0;
		};
/* End PBXSourcesBuildPhase section */

/* Begin PBXVariantGroup section */
		3899F3B92309CA470051BA08 /* Main.storyboard */ = {
			isa = PBXVariantGroup;
			children = (
				3899F3BA2309CA470051BA08 /* Base */,
			);
			name = Main.storyboard;
			sourceTree = "<group>";
		};
		3899F3C12309CA480051BA08 /* LaunchScreen.storyboard */ = {
			isa = PBXVariantGroup;
			children = (
				3899F3C22309CA480051BA08 /* Base */,
			);
			name = LaunchScreen.storyboard;
			sourceTree = "<group>";
		};
/* End PBXVariantGroup section */

/* Begin XCBuildConfiguration section */
		3899F3C52309CA480051BA08 /* Debug */ = {
			isa = XCBuildConfiguration;
			buildSettings = {
				ALWAYS_SEARCH_USER_PATHS = NO;
				CLANG_ANALYZER_NONNULL = YES;
				CLANG_ANALYZER_NUMBER_OBJECT_CONVERSION = YES_AGGRESSIVE;
				CLANG_CXX_LANGUAGE_STANDARD = "gnu++14";
				CLANG_CXX_LIBRARY = "libc++";
				CLANG_ENABLE_MODULES = YES;
				CLANG_ENABLE_OBJC_ARC = YES;
				CLANG_ENABLE_OBJC_WEAK = YES;
				CLANG_WARN_BLOCK_CAPTURE_AUTORELEASING = YES;
				CLANG_WARN_BOOL_CONVERSION = YES;
				CLANG_WARN_COMMA = YES;
				CLANG_WARN_CONSTANT_CONVERSION = YES;
				CLANG_WARN_DEPRECATED_OBJC_IMPLEMENTATIONS = YES;
				CLANG_WARN_DIRECT_OBJC_ISA_USAGE = YES_ERROR;
				CLANG_WARN_DOCUMENTATION_COMMENTS = YES;
				CLANG_WARN_EMPTY_BODY = YES;
				CLANG_WARN_ENUM_CONVERSION = YES;
				CLANG_WARN_INFINITE_RECURSION = YES;
				CLANG_WARN_INT_CONVERSION = YES;
				CLANG_WARN_NON_LITERAL_NULL_CONVERSION = YES;
				CLANG_WARN_OBJC_IMPLICIT_RETAIN_SELF = YES;
				CLANG_WARN_OBJC_LITERAL_CONVERSION = YES;
				CLANG_WARN_OBJC_ROOT_CLASS = YES_ERROR;
				CLANG_WARN_RANGE_LOOP_ANALYSIS = YES;
				CLANG_WARN_STRICT_PROTOTYPES = YES;
				CLANG_WARN_SUSPICIOUS_MOVE = YES;
				CLANG_WARN_UNGUARDED_AVAILABILITY = YES_AGGRESSIVE;
				CLANG_WARN_UNREACHABLE_CODE = YES;
				CLANG_WARN__DUPLICATE_METHOD_MATCH = YES;
				CODE_SIGN_IDENTITY = "iPhone Developer";
				COPY_PHASE_STRIP = NO;
				DEBUG_INFORMATION_FORMAT = dwarf;
				ENABLE_STRICT_OBJC_MSGSEND = YES;
				ENABLE_TESTABILITY = YES;
				GCC_C_LANGUAGE_STANDARD = gnu11;
				GCC_DYNAMIC_NO_PIC = NO;
				GCC_NO_COMMON_BLOCKS = YES;
				GCC_OPTIMIZATION_LEVEL = 0;
				GCC_PREPROCESSOR_DEFINITIONS = (
					"DEBUG=1",
					"$(inherited)",
				);
				GCC_WARN_64_TO_32_BIT_CONVERSION = YES;
				GCC_WARN_ABOUT_RETURN_TYPE = YES_ERROR;
				GCC_WARN_UNDECLARED_SELECTOR = YES;
				GCC_WARN_UNINITIALIZED_AUTOS = YES_AGGRESSIVE;
				GCC_WARN_UNUSED_FUNCTION = YES;
				GCC_WARN_UNUSED_VARIABLE = YES;
				IPHONEOS_DEPLOYMENT_TARGET = 12.4;
				MTL_ENABLE_DEBUG_INFO = INCLUDE_SOURCE;
				MTL_FAST_MATH = YES;
				ONLY_ACTIVE_ARCH = YES;
				SDKROOT = iphoneos;
				SWIFT_ACTIVE_COMPILATION_CONDITIONS = DEBUG;
				SWIFT_OPTIMIZATION_LEVEL = "-Onone";
			};
			name = Debug;
		};
		3899F3C62309CA480051BA08 /* Release */ = {
			isa = XCBuildConfiguration;
			buildSettings = {
				ALWAYS_SEARCH_USER_PATHS = NO;
				CLANG_ANALYZER_NONNULL = YES;
				CLANG_ANALYZER_NUMBER_OBJECT_CONVERSION = YES_AGGRESSIVE;
				CLANG_CXX_LANGUAGE_STANDARD = "gnu++14";
				CLANG_CXX_LIBRARY = "libc++";
				CLANG_ENABLE_MODULES = YES;
				CLANG_ENABLE_OBJC_ARC = YES;
				CLANG_ENABLE_OBJC_WEAK = YES;
				CLANG_WARN_BLOCK_CAPTURE_AUTORELEASING = YES;
				CLANG_WARN_BOOL_CONVERSION = YES;
				CLANG_WARN_COMMA = YES;
				CLANG_WARN_CONSTANT_CONVERSION = YES;
				CLANG_WARN_DEPRECATED_OBJC_IMPLEMENTATIONS = YES;
				CLANG_WARN_DIRECT_OBJC_ISA_USAGE = YES_ERROR;
				CLANG_WARN_DOCUMENTATION_COMMENTS = YES;
				CLANG_WARN_EMPTY_BODY = YES;
				CLANG_WARN_ENUM_CONVERSION = YES;
				CLANG_WARN_INFINITE_RECURSION = YES;
				CLANG_WARN_INT_CONVERSION = YES;
				CLANG_WARN_NON_LITERAL_NULL_CONVERSION = YES;
				CLANG_WARN_OBJC_IMPLICIT_RETAIN_SELF = YES;
				CLANG_WARN_OBJC_LITERAL_CONVERSION = YES;
				CLANG_WARN_OBJC_ROOT_CLASS = YES_ERROR;
				CLANG_WARN_RANGE_LOOP_ANALYSIS = YES;
				CLANG_WARN_STRICT_PROTOTYPES = YES;
				CLANG_WARN_SUSPICIOUS_MOVE = YES;
				CLANG_WARN_UNGUARDED_AVAILABILITY = YES_AGGRESSIVE;
				CLANG_WARN_UNREACHABLE_CODE = YES;
				CLANG_WARN__DUPLICATE_METHOD_MATCH = YES;
				CODE_SIGN_IDENTITY = "iPhone Developer";
				COPY_PHASE_STRIP = NO;
				DEBUG_INFORMATION_FORMAT = "dwarf-with-dsym";
				ENABLE_NS_ASSERTIONS = NO;
				ENABLE_STRICT_OBJC_MSGSEND = YES;
				GCC_C_LANGUAGE_STANDARD = gnu11;
				GCC_NO_COMMON_BLOCKS = YES;
				GCC_WARN_64_TO_32_BIT_CONVERSION = YES;
				GCC_WARN_ABOUT_RETURN_TYPE = YES_ERROR;
				GCC_WARN_UNDECLARED_SELECTOR = YES;
				GCC_WARN_UNINITIALIZED_AUTOS = YES_AGGRESSIVE;
				GCC_WARN_UNUSED_FUNCTION = YES;
				GCC_WARN_UNUSED_VARIABLE = YES;
				IPHONEOS_DEPLOYMENT_TARGET = 12.4;
				MTL_ENABLE_DEBUG_INFO = NO;
				MTL_FAST_MATH = YES;
				SDKROOT = iphoneos;
				SWIFT_COMPILATION_MODE = wholemodule;
				SWIFT_OPTIMIZATION_LEVEL = "-O";
				VALIDATE_PRODUCT = YES;
			};
			name = Release;
		};
		3899F3C82309CA480051BA08 /* Debug */ = {
			isa = XCBuildConfiguration;
			baseConfigurationReference = 40192F84C7EE2F7D347547E3 /* Pods-Yalantis_School.debug.xcconfig */;
			buildSettings = {
				ASSETCATALOG_COMPILER_APPICON_NAME = AppIcon;
				CODE_SIGN_STYLE = Automatic;
				DEVELOPMENT_TEAM = P56FNMF4C6;
				INFOPLIST_FILE = Yalantis_School/Info.plist;
				IPHONEOS_DEPLOYMENT_TARGET = 10.0;
				LD_RUNPATH_SEARCH_PATHS = (
					"$(inherited)",
					"@executable_path/Frameworks",
				);
				PRODUCT_BUNDLE_IDENTIFIER = "-.Yalantis-School";
				PRODUCT_NAME = "$(TARGET_NAME)";
				SWIFT_VERSION = 5.0;
				TARGETED_DEVICE_FAMILY = "1,2";
			};
			name = Debug;
		};
		3899F3C92309CA480051BA08 /* Release */ = {
			isa = XCBuildConfiguration;
			baseConfigurationReference = 69F2C43E4E674FD55A3CA1CD /* Pods-Yalantis_School.release.xcconfig */;
			buildSettings = {
				ASSETCATALOG_COMPILER_APPICON_NAME = AppIcon;
				CODE_SIGN_STYLE = Automatic;
				DEVELOPMENT_TEAM = P56FNMF4C6;
				INFOPLIST_FILE = Yalantis_School/Info.plist;
				IPHONEOS_DEPLOYMENT_TARGET = 10.0;
				LD_RUNPATH_SEARCH_PATHS = (
					"$(inherited)",
					"@executable_path/Frameworks",
				);
				PRODUCT_BUNDLE_IDENTIFIER = "-.Yalantis-School";
				PRODUCT_NAME = "$(TARGET_NAME)";
				SWIFT_VERSION = 5.0;
				TARGETED_DEVICE_FAMILY = "1,2";
			};
			name = Release;
		};
/* End XCBuildConfiguration section */

/* Begin XCConfigurationList section */
		3899F3AD2309CA470051BA08 /* Build configuration list for PBXProject "Yalantis_School" */ = {
			isa = XCConfigurationList;
			buildConfigurations = (
				3899F3C52309CA480051BA08 /* Debug */,
				3899F3C62309CA480051BA08 /* Release */,
			);
			defaultConfigurationIsVisible = 0;
			defaultConfigurationName = Release;
		};
		3899F3C72309CA480051BA08 /* Build configuration list for PBXNativeTarget "Yalantis_School" */ = {
			isa = XCConfigurationList;
			buildConfigurations = (
				3899F3C82309CA480051BA08 /* Debug */,
				3899F3C92309CA480051BA08 /* Release */,
			);
			defaultConfigurationIsVisible = 0;
			defaultConfigurationName = Release;
		};
/* End XCConfigurationList section */

/* Begin XCVersionGroup section */
		3899F3BC2309CA470051BA08 /* Yalantis_School.xcdatamodeld */ = {
			isa = XCVersionGroup;
			children = (
				3899F3BD2309CA470051BA08 /* Yalantis_School.xcdatamodel */,
			);
			currentVersion = 3899F3BD2309CA470051BA08 /* Yalantis_School.xcdatamodel */;
			path = Yalantis_School.xcdatamodeld;
			sourceTree = "<group>";
			versionGroupType = wrapper.xcdatamodel;
		};
/* End XCVersionGroup section */
	};
	rootObject = 3899F3AA2309CA470051BA08 /* Project object */;
}
