// !$*UTF8*$!
{
	archiveVersion = 1;
	classes = {
	};
	objectVersion = 51;
	objects = {

/* Begin PBXBuildFile section */
		38277FB52345364B007BE803 /* Storyboard Segues.swift in Sources */ = {isa = PBXBuildFile; fileRef = 38277FB32345364B007BE803 /* Storyboard Segues.swift */; };
		38277FB62345364B007BE803 /* Storyboard Scenes.swift in Sources */ = {isa = PBXBuildFile; fileRef = 38277FB42345364B007BE803 /* Storyboard Scenes.swift */; };
		38277FBA23454FF9007BE803 /* PresentableAnswer.swift in Sources */ = {isa = PBXBuildFile; fileRef = 38277FB923454FF9007BE803 /* PresentableAnswer.swift */; };
		38315072234AABEA00BFB368 /* KeyChainService.swift in Sources */ = {isa = PBXBuildFile; fileRef = 38315071234AABEA00BFB368 /* KeyChainService.swift */; };
		3831507D234D299F00BFB368 /* ShakeCountModel.swift in Sources */ = {isa = PBXBuildFile; fileRef = 3831507C234D299F00BFB368 /* ShakeCountModel.swift */; };
		3831507F234D29DC00BFB368 /* PresentableShakeCount.swift in Sources */ = {isa = PBXBuildFile; fileRef = 3831507E234D29DC00BFB368 /* PresentableShakeCount.swift */; };
		38533A242338FE86002108C4 /* assets-images.swift in Sources */ = {isa = PBXBuildFile; fileRef = 38533A222338FE86002108C4 /* assets-images.swift */; };
		38533A252338FE86002108C4 /* strings.swift in Sources */ = {isa = PBXBuildFile; fileRef = 38533A232338FE86002108C4 /* strings.swift */; };
		38533B62233BF5DC002108C4 /* Colors.txt in Resources */ = {isa = PBXBuildFile; fileRef = 38533B61233BF5DC002108C4 /* Colors.txt */; };
		38533B64233BF6C9002108C4 /* Colors.swift in Sources */ = {isa = PBXBuildFile; fileRef = 38533B63233BF6C9002108C4 /* Colors.swift */; };
		387ECF2F2355047D0049E62A /* Yalantis_School.xcdatamodeld in Sources */ = {isa = PBXBuildFile; fileRef = 387ECF2D2355047D0049E62A /* Yalantis_School.xcdatamodeld */; };
		388AB87B234D5DA5004E3A91 /* SF-Pro-Display-Semibold.otf in Resources */ = {isa = PBXBuildFile; fileRef = 388AB87A234D5D72004E3A91 /* SF-Pro-Display-Semibold.otf */; };
		388AB87C234D5DA7004E3A91 /* SF-Pro-Display-Medium.otf in Resources */ = {isa = PBXBuildFile; fileRef = 388AB879234D5D65004E3A91 /* SF-Pro-Display-Medium.otf */; };
		388AB87D234D5DA9004E3A91 /* SF-Pro-Display-Regular.otf in Resources */ = {isa = PBXBuildFile; fileRef = 388AB878234D5D5D004E3A91 /* SF-Pro-Display-Regular.otf */; };
		388AB87F234D5E9D004E3A91 /* Fonts.swift in Sources */ = {isa = PBXBuildFile; fileRef = 388AB87E234D5E9D004E3A91 /* Fonts.swift */; };
		3899F3B62309CA470051BA08 /* AppDelegate.swift in Sources */ = {isa = PBXBuildFile; fileRef = 3899F3B52309CA470051BA08 /* AppDelegate.swift */; };
		3899F3B82309CA470051BA08 /* MainViewController.swift in Sources */ = {isa = PBXBuildFile; fileRef = 3899F3B72309CA470051BA08 /* MainViewController.swift */; };
		3899F3BB2309CA470051BA08 /* Main.storyboard in Resources */ = {isa = PBXBuildFile; fileRef = 3899F3B92309CA470051BA08 /* Main.storyboard */; };
		3899F3C02309CA480051BA08 /* Assets.xcassets in Resources */ = {isa = PBXBuildFile; fileRef = 3899F3BF2309CA480051BA08 /* Assets.xcassets */; };
		3899F3C32309CA480051BA08 /* LaunchScreen.storyboard in Resources */ = {isa = PBXBuildFile; fileRef = 3899F3C12309CA480051BA08 /* LaunchScreen.storyboard */; };
		3899F3CB2309CA5C0051BA08 /* PersistenceService.swift in Sources */ = {isa = PBXBuildFile; fileRef = 3899F3CA2309CA5C0051BA08 /* PersistenceService.swift */; };
		3899F3CE2309CAD10051BA08 /* AlertController.swift in Sources */ = {isa = PBXBuildFile; fileRef = 3899F3CD2309CAD10051BA08 /* AlertController.swift */; };
		3899F3D02309CADA0051BA08 /* HideKeyboard.swift in Sources */ = {isa = PBXBuildFile; fileRef = 3899F3CF2309CADA0051BA08 /* HideKeyboard.swift */; };
		3899F3D62309CB7E0051BA08 /* SettingsViewController.swift in Sources */ = {isa = PBXBuildFile; fileRef = 3899F3D52309CB7E0051BA08 /* SettingsViewController.swift */; };
		3899F3DB2309CBFE0051BA08 /* ManagedAnswer+CoreDataClass.swift in Sources */ = {isa = PBXBuildFile; fileRef = 3899F3D92309CBFE0051BA08 /* ManagedAnswer+CoreDataClass.swift */; };
		3899F3DC2309CBFE0051BA08 /* ManagedAnswer+CoreDataProperties.swift in Sources */ = {isa = PBXBuildFile; fileRef = 3899F3DA2309CBFE0051BA08 /* ManagedAnswer+CoreDataProperties.swift */; };
		3899F3E12309CC330051BA08 /* AnswerModel.swift in Sources */ = {isa = PBXBuildFile; fileRef = 3899F3E02309CC330051BA08 /* AnswerModel.swift */; };
		38B09B602353964600D45EB6 /* SettingsTableViewCell.swift in Sources */ = {isa = PBXBuildFile; fileRef = 38B09B5F2353964600D45EB6 /* SettingsTableViewCell.swift */; };
		38C397832341376E00AAB042 /* RequestService.swift in Sources */ = {isa = PBXBuildFile; fileRef = 38C397822341376E00AAB042 /* RequestService.swift */; };
		38C3978523413B6300AAB042 /* DataFetcher.swift in Sources */ = {isa = PBXBuildFile; fileRef = 38C3978423413B6300AAB042 /* DataFetcher.swift */; };
		38C3978823413D8600AAB042 /* MainModel.swift in Sources */ = {isa = PBXBuildFile; fileRef = 38C3978723413D8600AAB042 /* MainModel.swift */; };
		38C3978A23413E5000AAB042 /* MainViewModel.swift in Sources */ = {isa = PBXBuildFile; fileRef = 38C3978923413E5000AAB042 /* MainViewModel.swift */; };
		38D7684F23383BDD00BB7CA9 /* Localizable.strings in Resources */ = {isa = PBXBuildFile; fileRef = 38D7684E23383BDD00BB7CA9 /* Localizable.strings */; };
		38D768522338413F00BB7CA9 /* swiftgen.yml in Resources */ = {isa = PBXBuildFile; fileRef = 38D768512338413F00BB7CA9 /* swiftgen.yml */; };
		4E6475C6347D54AEEC85419C /* Pods_Yalantis_School.framework in Frameworks */ = {isa = PBXBuildFile; fileRef = F31ACDF95D6B7F138458C945 /* Pods_Yalantis_School.framework */; };
/* End PBXBuildFile section */

/* Begin PBXFileReference section */
		38277FB32345364B007BE803 /* Storyboard Segues.swift */ = {isa = PBXFileReference; fileEncoding = 4; lastKnownFileType = sourcecode.swift; path = "Storyboard Segues.swift"; sourceTree = "<group>"; };
		38277FB42345364B007BE803 /* Storyboard Scenes.swift */ = {isa = PBXFileReference; fileEncoding = 4; lastKnownFileType = sourcecode.swift; path = "Storyboard Scenes.swift"; sourceTree = "<group>"; };
		38277FB923454FF9007BE803 /* PresentableAnswer.swift */ = {isa = PBXFileReference; lastKnownFileType = sourcecode.swift; path = PresentableAnswer.swift; sourceTree = "<group>"; };
		38315071234AABEA00BFB368 /* KeyChainService.swift */ = {isa = PBXFileReference; lastKnownFileType = sourcecode.swift; path = KeyChainService.swift; sourceTree = "<group>"; };
		3831507C234D299F00BFB368 /* ShakeCountModel.swift */ = {isa = PBXFileReference; lastKnownFileType = sourcecode.swift; path = ShakeCountModel.swift; sourceTree = "<group>"; };
		3831507E234D29DC00BFB368 /* PresentableShakeCount.swift */ = {isa = PBXFileReference; lastKnownFileType = sourcecode.swift; path = PresentableShakeCount.swift; sourceTree = "<group>"; };
		38533A222338FE86002108C4 /* assets-images.swift */ = {isa = PBXFileReference; fileEncoding = 4; lastKnownFileType = sourcecode.swift; path = "assets-images.swift"; sourceTree = "<group>"; };
		38533A232338FE86002108C4 /* strings.swift */ = {isa = PBXFileReference; fileEncoding = 4; lastKnownFileType = sourcecode.swift; path = strings.swift; sourceTree = "<group>"; };
		38533B61233BF5DC002108C4 /* Colors.txt */ = {isa = PBXFileReference; lastKnownFileType = text; path = Colors.txt; sourceTree = "<group>"; };
		38533B63233BF6C9002108C4 /* Colors.swift */ = {isa = PBXFileReference; fileEncoding = 4; lastKnownFileType = sourcecode.swift; path = Colors.swift; sourceTree = "<group>"; };
		387ECF2E2355047D0049E62A /* Yalantis_School.xcdatamodel */ = {isa = PBXFileReference; lastKnownFileType = wrapper.xcdatamodel; path = Yalantis_School.xcdatamodel; sourceTree = "<group>"; };
		387ECF3223550F200049E62A /* Yalantis_School 2.xcdatamodel */ = {isa = PBXFileReference; lastKnownFileType = wrapper.xcdatamodel; path = "Yalantis_School 2.xcdatamodel"; sourceTree = "<group>"; };
		388AB878234D5D5D004E3A91 /* SF-Pro-Display-Regular.otf */ = {isa = PBXFileReference; lastKnownFileType = file; path = "SF-Pro-Display-Regular.otf"; sourceTree = "<group>"; };
		388AB879234D5D65004E3A91 /* SF-Pro-Display-Medium.otf */ = {isa = PBXFileReference; lastKnownFileType = file; path = "SF-Pro-Display-Medium.otf"; sourceTree = "<group>"; };
		388AB87A234D5D72004E3A91 /* SF-Pro-Display-Semibold.otf */ = {isa = PBXFileReference; lastKnownFileType = file; path = "SF-Pro-Display-Semibold.otf"; sourceTree = "<group>"; };
		388AB87E234D5E9D004E3A91 /* Fonts.swift */ = {isa = PBXFileReference; fileEncoding = 4; lastKnownFileType = sourcecode.swift; path = Fonts.swift; sourceTree = "<group>"; };
		3899F3B22309CA470051BA08 /* Yalantis_School.app */ = {isa = PBXFileReference; explicitFileType = wrapper.application; includeInIndex = 0; path = Yalantis_School.app; sourceTree = BUILT_PRODUCTS_DIR; };
		3899F3B52309CA470051BA08 /* AppDelegate.swift */ = {isa = PBXFileReference; lastKnownFileType = sourcecode.swift; path = AppDelegate.swift; sourceTree = "<group>"; };
		3899F3B72309CA470051BA08 /* MainViewController.swift */ = {isa = PBXFileReference; lastKnownFileType = sourcecode.swift; path = MainViewController.swift; sourceTree = "<group>"; };
		3899F3BA2309CA470051BA08 /* Base */ = {isa = PBXFileReference; lastKnownFileType = file.storyboard; name = Base; path = Base.lproj/Main.storyboard; sourceTree = "<group>"; };
		3899F3BF2309CA480051BA08 /* Assets.xcassets */ = {isa = PBXFileReference; lastKnownFileType = folder.assetcatalog; path = Assets.xcassets; sourceTree = "<group>"; };
		3899F3C22309CA480051BA08 /* Base */ = {isa = PBXFileReference; lastKnownFileType = file.storyboard; name = Base; path = Base.lproj/LaunchScreen.storyboard; sourceTree = "<group>"; };
		3899F3C42309CA480051BA08 /* Info.plist */ = {isa = PBXFileReference; lastKnownFileType = text.plist.xml; path = Info.plist; sourceTree = "<group>"; };
		3899F3CA2309CA5C0051BA08 /* PersistenceService.swift */ = {isa = PBXFileReference; lastKnownFileType = sourcecode.swift; path = PersistenceService.swift; sourceTree = "<group>"; };
		3899F3CD2309CAD10051BA08 /* AlertController.swift */ = {isa = PBXFileReference; lastKnownFileType = sourcecode.swift; path = AlertController.swift; sourceTree = "<group>"; };
		3899F3CF2309CADA0051BA08 /* HideKeyboard.swift */ = {isa = PBXFileReference; lastKnownFileType = sourcecode.swift; path = HideKeyboard.swift; sourceTree = "<group>"; };
		3899F3D52309CB7E0051BA08 /* SettingsViewController.swift */ = {isa = PBXFileReference; lastKnownFileType = sourcecode.swift; path = SettingsViewController.swift; sourceTree = "<group>"; };
		3899F3D92309CBFE0051BA08 /* ManagedAnswer+CoreDataClass.swift */ = {isa = PBXFileReference; lastKnownFileType = sourcecode.swift; path = "ManagedAnswer+CoreDataClass.swift"; sourceTree = "<group>"; };
		3899F3DA2309CBFE0051BA08 /* ManagedAnswer+CoreDataProperties.swift */ = {isa = PBXFileReference; lastKnownFileType = sourcecode.swift; path = "ManagedAnswer+CoreDataProperties.swift"; sourceTree = "<group>"; };
		3899F3E02309CC330051BA08 /* AnswerModel.swift */ = {isa = PBXFileReference; lastKnownFileType = sourcecode.swift; path = AnswerModel.swift; sourceTree = "<group>"; };
		38B09B5F2353964600D45EB6 /* SettingsTableViewCell.swift */ = {isa = PBXFileReference; lastKnownFileType = sourcecode.swift; path = SettingsTableViewCell.swift; sourceTree = "<group>"; };
		38C397822341376E00AAB042 /* RequestService.swift */ = {isa = PBXFileReference; lastKnownFileType = sourcecode.swift; path = RequestService.swift; sourceTree = "<group>"; };
		38C3978423413B6300AAB042 /* DataFetcher.swift */ = {isa = PBXFileReference; lastKnownFileType = sourcecode.swift; path = DataFetcher.swift; sourceTree = "<group>"; };
		38C3978723413D8600AAB042 /* MainModel.swift */ = {isa = PBXFileReference; lastKnownFileType = sourcecode.swift; path = MainModel.swift; sourceTree = "<group>"; };
		38C3978923413E5000AAB042 /* MainViewModel.swift */ = {isa = PBXFileReference; lastKnownFileType = sourcecode.swift; path = MainViewModel.swift; sourceTree = "<group>"; };
		38D7684E23383BDD00BB7CA9 /* Localizable.strings */ = {isa = PBXFileReference; lastKnownFileType = text.plist.strings; path = Localizable.strings; sourceTree = "<group>"; };
		38D768512338413F00BB7CA9 /* swiftgen.yml */ = {isa = PBXFileReference; fileEncoding = 4; lastKnownFileType = text; path = swiftgen.yml; sourceTree = SOURCE_ROOT; };
		40192F84C7EE2F7D347547E3 /* Pods-Yalantis_School.debug.xcconfig */ = {isa = PBXFileReference; includeInIndex = 1; lastKnownFileType = text.xcconfig; name = "Pods-Yalantis_School.debug.xcconfig"; path = "Target Support Files/Pods-Yalantis_School/Pods-Yalantis_School.debug.xcconfig"; sourceTree = "<group>"; };
		69F2C43E4E674FD55A3CA1CD /* Pods-Yalantis_School.release.xcconfig */ = {isa = PBXFileReference; includeInIndex = 1; lastKnownFileType = text.xcconfig; name = "Pods-Yalantis_School.release.xcconfig"; path = "Target Support Files/Pods-Yalantis_School/Pods-Yalantis_School.release.xcconfig"; sourceTree = "<group>"; };
		F31ACDF95D6B7F138458C945 /* Pods_Yalantis_School.framework */ = {isa = PBXFileReference; explicitFileType = wrapper.framework; includeInIndex = 0; path = Pods_Yalantis_School.framework; sourceTree = BUILT_PRODUCTS_DIR; };
/* End PBXFileReference section */

/* Begin PBXFrameworksBuildPhase section */
		3899F3AF2309CA470051BA08 /* Frameworks */ = {
			isa = PBXFrameworksBuildPhase;
			buildActionMask = 2147483647;
			files = (
				4E6475C6347D54AEEC85419C /* Pods_Yalantis_School.framework in Frameworks */,
			);
			runOnlyForDeploymentPostprocessing = 0;
		};
/* End PBXFrameworksBuildPhase section */

/* Begin PBXGroup section */
		388AB877234D5D51004E3A91 /* Fonts */ = {
			isa = PBXGroup;
			children = (
				388AB87A234D5D72004E3A91 /* SF-Pro-Display-Semibold.otf */,
				388AB879234D5D65004E3A91 /* SF-Pro-Display-Medium.otf */,
				388AB878234D5D5D004E3A91 /* SF-Pro-Display-Regular.otf */,
			);
			path = Fonts;
			sourceTree = "<group>";
		};
		3899F3A92309CA470051BA08 = {
			isa = PBXGroup;
			children = (
				3899F3B42309CA470051BA08 /* Yalantis_School */,
				3899F3B32309CA470051BA08 /* Products */,
				EFC8812C0E269734CA7FC29A /* Pods */,
				EFE42AE35A87DE47ED4A66E2 /* Frameworks */,
			);
			sourceTree = "<group>";
		};
		3899F3B32309CA470051BA08 /* Products */ = {
			isa = PBXGroup;
			children = (
				3899F3B22309CA470051BA08 /* Yalantis_School.app */,
			);
			name = Products;
			sourceTree = "<group>";
		};
		3899F3B42309CA470051BA08 /* Yalantis_School */ = {
			isa = PBXGroup;
			children = (
				3899F3B52309CA470051BA08 /* AppDelegate.swift */,
				3899F3D12309CAF90051BA08 /* Services */,
				3899F3CC2309CA950051BA08 /* Extensions */,
				38C3978623413CCF00AAB042 /* Models */,
				3899F3D42309CB680051BA08 /* Views */,
				38B09B5E2353962500D45EB6 /* Cell */,
				3899F3DD2309CC060051BA08 /* CoreData */,
				3899F3DF2309CC250051BA08 /* Data Transfer Object */,
				38D7685E2338FD6A00BB7CA9 /* SwiftGen */,
				38D7684B2338035B00BB7CA9 /* Ressources */,
				3899F3B92309CA470051BA08 /* Main.storyboard */,
				3899F3BF2309CA480051BA08 /* Assets.xcassets */,
				3899F3C12309CA480051BA08 /* LaunchScreen.storyboard */,
				3899F3C42309CA480051BA08 /* Info.plist */,
			);
			path = Yalantis_School;
			sourceTree = "<group>";
		};
		3899F3CC2309CA950051BA08 /* Extensions */ = {
			isa = PBXGroup;
			children = (
				3899F3CD2309CAD10051BA08 /* AlertController.swift */,
				3899F3CF2309CADA0051BA08 /* HideKeyboard.swift */,
			);
			path = Extensions;
			sourceTree = "<group>";
		};
		3899F3D12309CAF90051BA08 /* Services */ = {
			isa = PBXGroup;
			children = (
				38C397822341376E00AAB042 /* RequestService.swift */,
				38C3978423413B6300AAB042 /* DataFetcher.swift */,
				3899F3CA2309CA5C0051BA08 /* PersistenceService.swift */,
				38315071234AABEA00BFB368 /* KeyChainService.swift */,
			);
			path = Services;
			sourceTree = "<group>";
		};
		3899F3D42309CB680051BA08 /* Views */ = {
			isa = PBXGroup;
			children = (
				3899F3B72309CA470051BA08 /* MainViewController.swift */,
				3899F3D52309CB7E0051BA08 /* SettingsViewController.swift */,
			);
			path = Views;
			sourceTree = "<group>";
		};
		3899F3DD2309CC060051BA08 /* CoreData */ = {
			isa = PBXGroup;
			children = (
				3899F3D92309CBFE0051BA08 /* ManagedAnswer+CoreDataClass.swift */,
				3899F3DA2309CBFE0051BA08 /* ManagedAnswer+CoreDataProperties.swift */,
			);
			path = CoreData;
			sourceTree = "<group>";
		};
		3899F3DF2309CC250051BA08 /* Data Transfer Object */ = {
			isa = PBXGroup;
			children = (
				3899F3E02309CC330051BA08 /* AnswerModel.swift */,
				3831507C234D299F00BFB368 /* ShakeCountModel.swift */,
				3831507E234D29DC00BFB368 /* PresentableShakeCount.swift */,
				38277FB923454FF9007BE803 /* PresentableAnswer.swift */,
			);
			path = "Data Transfer Object";
			sourceTree = "<group>";
		};
		38B09B5E2353962500D45EB6 /* Cell */ = {
			isa = PBXGroup;
			children = (
				38B09B5F2353964600D45EB6 /* SettingsTableViewCell.swift */,
			);
			path = Cell;
			sourceTree = "<group>";
		};
		38C3978623413CCF00AAB042 /* Models */ = {
			isa = PBXGroup;
			children = (
				38C3978723413D8600AAB042 /* MainModel.swift */,
				38C3978923413E5000AAB042 /* MainViewModel.swift */,
			);
			path = Models;
			sourceTree = "<group>";
		};
		38D7684B2338035B00BB7CA9 /* Ressources */ = {
			isa = PBXGroup;
			children = (
				388AB877234D5D51004E3A91 /* Fonts */,
				387ECF2D2355047D0049E62A /* Yalantis_School.xcdatamodeld */,
				38D7684E23383BDD00BB7CA9 /* Localizable.strings */,
				38D768512338413F00BB7CA9 /* swiftgen.yml */,
				38533B61233BF5DC002108C4 /* Colors.txt */,
			);
			path = Ressources;
			sourceTree = "<group>";
		};
		38D7685E2338FD6A00BB7CA9 /* SwiftGen */ = {
			isa = PBXGroup;
			children = (
				38277FB42345364B007BE803 /* Storyboard Scenes.swift */,
				38277FB32345364B007BE803 /* Storyboard Segues.swift */,
				38533A222338FE86002108C4 /* assets-images.swift */,
				38533A232338FE86002108C4 /* strings.swift */,
				38533B63233BF6C9002108C4 /* Colors.swift */,
				388AB87E234D5E9D004E3A91 /* Fonts.swift */,
			);
			path = SwiftGen;
			sourceTree = "<group>";
		};
		EFC8812C0E269734CA7FC29A /* Pods */ = {
			isa = PBXGroup;
			children = (
				40192F84C7EE2F7D347547E3 /* Pods-Yalantis_School.debug.xcconfig */,
				69F2C43E4E674FD55A3CA1CD /* Pods-Yalantis_School.release.xcconfig */,
			);
			path = Pods;
			sourceTree = "<group>";
		};
		EFE42AE35A87DE47ED4A66E2 /* Frameworks */ = {
			isa = PBXGroup;
			children = (
				F31ACDF95D6B7F138458C945 /* Pods_Yalantis_School.framework */,
			);
			name = Frameworks;
			sourceTree = "<group>";
		};
/* End PBXGroup section */

/* Begin PBXNativeTarget section */
		3899F3B12309CA470051BA08 /* Yalantis_School */ = {
			isa = PBXNativeTarget;
			buildConfigurationList = 3899F3C72309CA480051BA08 /* Build configuration list for PBXNativeTarget "Yalantis_School" */;
			buildPhases = (
				A7EA4758FFC61B2229F588F4 /* [CP] Check Pods Manifest.lock */,
				38D76854233846D400BB7CA9 /* SwiftLint */,
				38D768532338433D00BB7CA9 /* SwiftGen */,
				3899F3AE2309CA470051BA08 /* Sources */,
				3899F3AF2309CA470051BA08 /* Frameworks */,
				3899F3B02309CA470051BA08 /* Resources */,
				5DBA198D423076DF64A6D81D /* [CP] Embed Pods Frameworks */,
			);
			buildRules = (
			);
			dependencies = (
			);
			name = Yalantis_School;
			productName = Yalantis_School;
			productReference = 3899F3B22309CA470051BA08 /* Yalantis_School.app */;
			productType = "com.apple.product-type.application";
		};
/* End PBXNativeTarget section */

/* Begin PBXProject section */
		3899F3AA2309CA470051BA08 /* Project object */ = {
			isa = PBXProject;
			attributes = {
				LastSwiftUpdateCheck = 1030;
				LastUpgradeCheck = 1030;
				ORGANIZATIONNAME = Valerii;
				TargetAttributes = {
					3899F3B12309CA470051BA08 = {
						CreatedOnToolsVersion = 10.3;
					};
				};
			};
			buildConfigurationList = 3899F3AD2309CA470051BA08 /* Build configuration list for PBXProject "Yalantis_School" */;
			compatibilityVersion = "Xcode 9.3";
			developmentRegion = en;
			hasScannedForEncodings = 0;
			knownRegions = (
				en,
				Base,
			);
			mainGroup = 3899F3A92309CA470051BA08;
			productRefGroup = 3899F3B32309CA470051BA08 /* Products */;
			projectDirPath = "";
			projectRoot = "";
			targets = (
				3899F3B12309CA470051BA08 /* Yalantis_School */,
			);
		};
/* End PBXProject section */

/* Begin PBXResourcesBuildPhase section */
		3899F3B02309CA470051BA08 /* Resources */ = {
			isa = PBXResourcesBuildPhase;
			buildActionMask = 2147483647;
			files = (
				388AB87C234D5DA7004E3A91 /* SF-Pro-Display-Medium.otf in Resources */,
				3899F3C32309CA480051BA08 /* LaunchScreen.storyboard in Resources */,
				38D768522338413F00BB7CA9 /* swiftgen.yml in Resources */,
				38533B62233BF5DC002108C4 /* Colors.txt in Resources */,
				388AB87B234D5DA5004E3A91 /* SF-Pro-Display-Semibold.otf in Resources */,
				38D7684F23383BDD00BB7CA9 /* Localizable.strings in Resources */,
				3899F3C02309CA480051BA08 /* Assets.xcassets in Resources */,
				388AB87D234D5DA9004E3A91 /* SF-Pro-Display-Regular.otf in Resources */,
				3899F3BB2309CA470051BA08 /* Main.storyboard in Resources */,
			);
			runOnlyForDeploymentPostprocessing = 0;
		};
/* End PBXResourcesBuildPhase section */

/* Begin PBXShellScriptBuildPhase section */
		38D768532338433D00BB7CA9 /* SwiftGen */ = {
			isa = PBXShellScriptBuildPhase;
			buildActionMask = 12;
			files = (
			);
			inputFileListPaths = (
			);
			inputPaths = (
			);
			name = SwiftGen;
			outputFileListPaths = (
			);
			outputPaths = (
			);
			runOnlyForDeploymentPostprocessing = 0;
			shellPath = /bin/sh;
			shellScript = "# Type a script or drag a script file from your workspace to insert its path.\nPods/SwiftGen/bin/swiftgen\n";
		};
		38D76854233846D400BB7CA9 /* SwiftLint */ = {
			isa = PBXShellScriptBuildPhase;
			buildActionMask = 12;
			files = (
			);
			inputFileListPaths = (
			);
			inputPaths = (
			);
			name = SwiftLint;
			outputFileListPaths = (
			);
			outputPaths = (
			);
			runOnlyForDeploymentPostprocessing = 0;
			shellPath = /bin/sh;
			shellScript = "# Type a script or drag a script file from your workspace to insert its path.\nPods/SwiftLint/swiftlint\nPods/SwiftLint/swiftlint autocorrect\n";
		};
		5DBA198D423076DF64A6D81D /* [CP] Embed Pods Frameworks */ = {
			isa = PBXShellScriptBuildPhase;
			buildActionMask = 2147483647;
			files = (
			);
			inputFileListPaths = (
				"${PODS_ROOT}/Target Support Files/Pods-Yalantis_School/Pods-Yalantis_School-frameworks-${CONFIGURATION}-input-files.xcfilelist",
			);
			name = "[CP] Embed Pods Frameworks";
			outputFileListPaths = (
				"${PODS_ROOT}/Target Support Files/Pods-Yalantis_School/Pods-Yalantis_School-frameworks-${CONFIGURATION}-output-files.xcfilelist",
			);
			runOnlyForDeploymentPostprocessing = 0;
			shellPath = /bin/sh;
			shellScript = "\"${PODS_ROOT}/Target Support Files/Pods-Yalantis_School/Pods-Yalantis_School-frameworks.sh\"\n";
			showEnvVarsInLog = 0;
		};
		A7EA4758FFC61B2229F588F4 /* [CP] Check Pods Manifest.lock */ = {
			isa = PBXShellScriptBuildPhase;
			buildActionMask = 2147483647;
			files = (
			);
			inputFileListPaths = (
			);
			inputPaths = (
				"${PODS_PODFILE_DIR_PATH}/Podfile.lock",
				"${PODS_ROOT}/Manifest.lock",
			);
			name = "[CP] Check Pods Manifest.lock";
			outputFileListPaths = (
			);
			outputPaths = (
				"$(DERIVED_FILE_DIR)/Pods-Yalantis_School-checkManifestLockResult.txt",
			);
			runOnlyForDeploymentPostprocessing = 0;
			shellPath = /bin/sh;
			shellScript = "diff \"${PODS_PODFILE_DIR_PATH}/Podfile.lock\" \"${PODS_ROOT}/Manifest.lock\" > /dev/null\nif [ $? != 0 ] ; then\n    # print error to STDERR\n    echo \"error: The sandbox is not in sync with the Podfile.lock. Run 'pod install' or update your CocoaPods installation.\" >&2\n    exit 1\nfi\n# This output is used by Xcode 'outputs' to avoid re-running this script phase.\necho \"SUCCESS\" > \"${SCRIPT_OUTPUT_FILE_0}\"\n";
			showEnvVarsInLog = 0;
		};
/* End PBXShellScriptBuildPhase section */

/* Begin PBXSourcesBuildPhase section */
		3899F3AE2309CA470051BA08 /* Sources */ = {
			isa = PBXSourcesBuildPhase;
			buildActionMask = 2147483647;
			files = (
				3899F3B82309CA470051BA08 /* MainViewController.swift in Sources */,
				38C3978523413B6300AAB042 /* DataFetcher.swift in Sources */,
				38533B64233BF6C9002108C4 /* Colors.swift in Sources */,
				38277FBA23454FF9007BE803 /* PresentableAnswer.swift in Sources */,
				3899F3CE2309CAD10051BA08 /* AlertController.swift in Sources */,
				3899F3CB2309CA5C0051BA08 /* PersistenceService.swift in Sources */,
				387ECF2F2355047D0049E62A /* Yalantis_School.xcdatamodeld in Sources */,
				388AB87F234D5E9D004E3A91 /* Fonts.swift in Sources */,
				38277FB52345364B007BE803 /* Storyboard Segues.swift in Sources */,
				3831507D234D299F00BFB368 /* ShakeCountModel.swift in Sources */,
				3899F3DC2309CBFE0051BA08 /* ManagedAnswer+CoreDataProperties.swift in Sources */,
				3899F3D02309CADA0051BA08 /* HideKeyboard.swift in Sources */,
				38533A252338FE86002108C4 /* strings.swift in Sources */,
				38315072234AABEA00BFB368 /* KeyChainService.swift in Sources */,
				38C397832341376E00AAB042 /* RequestService.swift in Sources */,
				38533A242338FE86002108C4 /* assets-images.swift in Sources */,
				3831507F234D29DC00BFB368 /* PresentableShakeCount.swift in Sources */,
				38B09B602353964600D45EB6 /* SettingsTableViewCell.swift in Sources */,
				38C3978A23413E5000AAB042 /* MainViewModel.swift in Sources */,
				3899F3B62309CA470051BA08 /* AppDelegate.swift in Sources */,
				38C3978823413D8600AAB042 /* MainModel.swift in Sources */,
				38277FB62345364B007BE803 /* Storyboard Scenes.swift in Sources */,
				3899F3E12309CC330051BA08 /* AnswerModel.swift in Sources */,
				3899F3DB2309CBFE0051BA08 /* ManagedAnswer+CoreDataClass.swift in Sources */,
				3899F3D62309CB7E0051BA08 /* SettingsViewController.swift in Sources */,
			);
			runOnlyForDeploymentPostprocessing = 0;
		};
/* End PBXSourcesBuildPhase section */

/* Begin PBXVariantGroup section */
		3899F3B92309CA470051BA08 /* Main.storyboard */ = {
			isa = PBXVariantGroup;
			children = (
				3899F3BA2309CA470051BA08 /* Base */,
			);
			name = Main.storyboard;
			sourceTree = "<group>";
		};
		3899F3C12309CA480051BA08 /* LaunchScreen.storyboard */ = {
			isa = PBXVariantGroup;
			children = (
				3899F3C22309CA480051BA08 /* Base */,
			);
			name = LaunchScreen.storyboard;
			sourceTree = "<group>";
		};
/* End PBXVariantGroup section */

/* Begin XCBuildConfiguration section */
		3899F3C52309CA480051BA08 /* Debug */ = {
			isa = XCBuildConfiguration;
			buildSettings = {
				ALWAYS_SEARCH_USER_PATHS = NO;
				CLANG_ANALYZER_NONNULL = YES;
				CLANG_ANALYZER_NUMBER_OBJECT_CONVERSION = YES_AGGRESSIVE;
				CLANG_CXX_LANGUAGE_STANDARD = "gnu++14";
				CLANG_CXX_LIBRARY = "libc++";
				CLANG_ENABLE_MODULES = YES;
				CLANG_ENABLE_OBJC_ARC = YES;
				CLANG_ENABLE_OBJC_WEAK = YES;
				CLANG_WARN_BLOCK_CAPTURE_AUTORELEASING = YES;
				CLANG_WARN_BOOL_CONVERSION = YES;
				CLANG_WARN_COMMA = YES;
				CLANG_WARN_CONSTANT_CONVERSION = YES;
				CLANG_WARN_DEPRECATED_OBJC_IMPLEMENTATIONS = YES;
				CLANG_WARN_DIRECT_OBJC_ISA_USAGE = YES_ERROR;
				CLANG_WARN_DOCUMENTATION_COMMENTS = YES;
				CLANG_WARN_EMPTY_BODY = YES;
				CLANG_WARN_ENUM_CONVERSION = YES;
				CLANG_WARN_INFINITE_RECURSION = YES;
				CLANG_WARN_INT_CONVERSION = YES;
				CLANG_WARN_NON_LITERAL_NULL_CONVERSION = YES;
				CLANG_WARN_OBJC_IMPLICIT_RETAIN_SELF = YES;
				CLANG_WARN_OBJC_LITERAL_CONVERSION = YES;
				CLANG_WARN_OBJC_ROOT_CLASS = YES_ERROR;
				CLANG_WARN_RANGE_LOOP_ANALYSIS = YES;
				CLANG_WARN_STRICT_PROTOTYPES = YES;
				CLANG_WARN_SUSPICIOUS_MOVE = YES;
				CLANG_WARN_UNGUARDED_AVAILABILITY = YES_AGGRESSIVE;
				CLANG_WARN_UNREACHABLE_CODE = YES;
				CLANG_WARN__DUPLICATE_METHOD_MATCH = YES;
				CODE_SIGN_IDENTITY = "iPhone Developer";
				COPY_PHASE_STRIP = NO;
				DEBUG_INFORMATION_FORMAT = dwarf;
				ENABLE_STRICT_OBJC_MSGSEND = YES;
				ENABLE_TESTABILITY = YES;
				GCC_C_LANGUAGE_STANDARD = gnu11;
				GCC_DYNAMIC_NO_PIC = NO;
				GCC_NO_COMMON_BLOCKS = YES;
				GCC_OPTIMIZATION_LEVEL = 0;
				GCC_PREPROCESSOR_DEFINITIONS = (
					"DEBUG=1",
					"$(inherited)",
				);
				GCC_WARN_64_TO_32_BIT_CONVERSION = YES;
				GCC_WARN_ABOUT_RETURN_TYPE = YES_ERROR;
				GCC_WARN_UNDECLARED_SELECTOR = YES;
				GCC_WARN_UNINITIALIZED_AUTOS = YES_AGGRESSIVE;
				GCC_WARN_UNUSED_FUNCTION = YES;
				GCC_WARN_UNUSED_VARIABLE = YES;
				IPHONEOS_DEPLOYMENT_TARGET = 11.0;
				MTL_ENABLE_DEBUG_INFO = INCLUDE_SOURCE;
				MTL_FAST_MATH = YES;
				ONLY_ACTIVE_ARCH = YES;
				SDKROOT = iphoneos;
				SWIFT_ACTIVE_COMPILATION_CONDITIONS = DEBUG;
				SWIFT_OPTIMIZATION_LEVEL = "-Onone";
			};
			name = Debug;
		};
		3899F3C62309CA480051BA08 /* Release */ = {
			isa = XCBuildConfiguration;
			buildSettings = {
				ALWAYS_SEARCH_USER_PATHS = NO;
				CLANG_ANALYZER_NONNULL = YES;
				CLANG_ANALYZER_NUMBER_OBJECT_CONVERSION = YES_AGGRESSIVE;
				CLANG_CXX_LANGUAGE_STANDARD = "gnu++14";
				CLANG_CXX_LIBRARY = "libc++";
				CLANG_ENABLE_MODULES = YES;
				CLANG_ENABLE_OBJC_ARC = YES;
				CLANG_ENABLE_OBJC_WEAK = YES;
				CLANG_WARN_BLOCK_CAPTURE_AUTORELEASING = YES;
				CLANG_WARN_BOOL_CONVERSION = YES;
				CLANG_WARN_COMMA = YES;
				CLANG_WARN_CONSTANT_CONVERSION = YES;
				CLANG_WARN_DEPRECATED_OBJC_IMPLEMENTATIONS = YES;
				CLANG_WARN_DIRECT_OBJC_ISA_USAGE = YES_ERROR;
				CLANG_WARN_DOCUMENTATION_COMMENTS = YES;
				CLANG_WARN_EMPTY_BODY = YES;
				CLANG_WARN_ENUM_CONVERSION = YES;
				CLANG_WARN_INFINITE_RECURSION = YES;
				CLANG_WARN_INT_CONVERSION = YES;
				CLANG_WARN_NON_LITERAL_NULL_CONVERSION = YES;
				CLANG_WARN_OBJC_IMPLICIT_RETAIN_SELF = YES;
				CLANG_WARN_OBJC_LITERAL_CONVERSION = YES;
				CLANG_WARN_OBJC_ROOT_CLASS = YES_ERROR;
				CLANG_WARN_RANGE_LOOP_ANALYSIS = YES;
				CLANG_WARN_STRICT_PROTOTYPES = YES;
				CLANG_WARN_SUSPICIOUS_MOVE = YES;
				CLANG_WARN_UNGUARDED_AVAILABILITY = YES_AGGRESSIVE;
				CLANG_WARN_UNREACHABLE_CODE = YES;
				CLANG_WARN__DUPLICATE_METHOD_MATCH = YES;
				CODE_SIGN_IDENTITY = "iPhone Developer";
				COPY_PHASE_STRIP = NO;
				DEBUG_INFORMATION_FORMAT = "dwarf-with-dsym";
				ENABLE_NS_ASSERTIONS = NO;
				ENABLE_STRICT_OBJC_MSGSEND = YES;
				GCC_C_LANGUAGE_STANDARD = gnu11;
				GCC_NO_COMMON_BLOCKS = YES;
				GCC_WARN_64_TO_32_BIT_CONVERSION = YES;
				GCC_WARN_ABOUT_RETURN_TYPE = YES_ERROR;
				GCC_WARN_UNDECLARED_SELECTOR = YES;
				GCC_WARN_UNINITIALIZED_AUTOS = YES_AGGRESSIVE;
				GCC_WARN_UNUSED_FUNCTION = YES;
				GCC_WARN_UNUSED_VARIABLE = YES;
				IPHONEOS_DEPLOYMENT_TARGET = 11.0;
				MTL_ENABLE_DEBUG_INFO = NO;
				MTL_FAST_MATH = YES;
				SDKROOT = iphoneos;
				SWIFT_COMPILATION_MODE = wholemodule;
				SWIFT_OPTIMIZATION_LEVEL = "-O";
				VALIDATE_PRODUCT = YES;
			};
			name = Release;
		};
		3899F3C82309CA480051BA08 /* Debug */ = {
			isa = XCBuildConfiguration;
			baseConfigurationReference = 40192F84C7EE2F7D347547E3 /* Pods-Yalantis_School.debug.xcconfig */;
			buildSettings = {
				ASSETCATALOG_COMPILER_APPICON_NAME = AppIcon;
				CODE_SIGN_IDENTITY = "Apple Development";
				CODE_SIGN_STYLE = Automatic;
				DEVELOPMENT_TEAM = P56FNMF4C6;
				INFOPLIST_FILE = Yalantis_School/Info.plist;
				IPHONEOS_DEPLOYMENT_TARGET = 13.1;
				LD_RUNPATH_SEARCH_PATHS = (
					"$(inherited)",
					"@executable_path/Frameworks",
				);
				PRODUCT_BUNDLE_IDENTIFIER = "-.Yalantis-School";
				PRODUCT_NAME = "$(TARGET_NAME)";
				PROVISIONING_PROFILE_SPECIFIER = "";
				SWIFT_VERSION = 5.0;
				TARGETED_DEVICE_FAMILY = "1,2";
			};
			name = Debug;
		};
		3899F3C92309CA480051BA08 /* Release */ = {
			isa = XCBuildConfiguration;
			baseConfigurationReference = 69F2C43E4E674FD55A3CA1CD /* Pods-Yalantis_School.release.xcconfig */;
			buildSettings = {
				ASSETCATALOG_COMPILER_APPICON_NAME = AppIcon;
				CODE_SIGN_IDENTITY = "Apple Development";
				CODE_SIGN_STYLE = Automatic;
				DEVELOPMENT_TEAM = P56FNMF4C6;
				INFOPLIST_FILE = Yalantis_School/Info.plist;
				IPHONEOS_DEPLOYMENT_TARGET = 13.1;
				LD_RUNPATH_SEARCH_PATHS = (
					"$(inherited)",
					"@executable_path/Frameworks",
				);
				PRODUCT_BUNDLE_IDENTIFIER = "-.Yalantis-School";
				PRODUCT_NAME = "$(TARGET_NAME)";
				PROVISIONING_PROFILE_SPECIFIER = "";
				SWIFT_VERSION = 5.0;
				TARGETED_DEVICE_FAMILY = "1,2";
			};
			name = Release;
		};
/* End XCBuildConfiguration section */

/* Begin XCConfigurationList section */
		3899F3AD2309CA470051BA08 /* Build configuration list for PBXProject "Yalantis_School" */ = {
			isa = XCConfigurationList;
			buildConfigurations = (
				3899F3C52309CA480051BA08 /* Debug */,
				3899F3C62309CA480051BA08 /* Release */,
			);
			defaultConfigurationIsVisible = 0;
			defaultConfigurationName = Release;
		};
		3899F3C72309CA480051BA08 /* Build configuration list for PBXNativeTarget "Yalantis_School" */ = {
			isa = XCConfigurationList;
			buildConfigurations = (
				3899F3C82309CA480051BA08 /* Debug */,
				3899F3C92309CA480051BA08 /* Release */,
			);
			defaultConfigurationIsVisible = 0;
			defaultConfigurationName = Release;
		};
/* End XCConfigurationList section */

/* Begin XCVersionGroup section */
		387ECF2D2355047D0049E62A /* Yalantis_School.xcdatamodeld */ = {
			isa = XCVersionGroup;
			children = (
				387ECF3223550F200049E62A /* Yalantis_School 2.xcdatamodel */,
				387ECF2E2355047D0049E62A /* Yalantis_School.xcdatamodel */,
			);
			currentVersion = 387ECF3223550F200049E62A /* Yalantis_School 2.xcdatamodel */;
			path = Yalantis_School.xcdatamodeld;
			sourceTree = "<group>";
			versionGroupType = wrapper.xcdatamodel;
		};
/* End XCVersionGroup section */
	};
	rootObject = 3899F3AA2309CA470051BA08 /* Project object */;
}
